
Microsoft Visual Studio Solution File, Format Version 12.00
# Visual Studio 14
VisualStudioVersion = 14.0.23107.0
MinimumVisualStudioVersion = 10.0.40219.1
Project("{FAE04EC0-301F-11D3-BF4B-00C04F79EFBC}") = "TextMatch", "TextMatch\TextMatch.csproj", "{4558736E-9D76-4774-BC58-86CE3054FDAD}"
EndProject
Project("{FAE04EC0-301F-11D3-BF4B-00C04F79EFBC}") = "TextMatch.Tests", "TextMatch.Tests\TextMatch.Tests.csproj", "{FCBDEBEE-1C1B-4A76-A33C-4AE6C15BF501}"
EndProject
Global
	GlobalSection(SolutionConfigurationPlatforms) = preSolution
		Debug|Any CPU = Debug|Any CPU
		Release|Any CPU = Release|Any CPU
	EndGlobalSection
	GlobalSection(ProjectConfigurationPlatforms) = postSolution
		{4558736E-9D76-4774-BC58-86CE3054FDAD}.Debug|Any CPU.ActiveCfg = Debug|Any CPU
		{4558736E-9D76-4774-BC58-86CE3054FDAD}.Debug|Any CPU.Build.0 = Debug|Any CPU
		{4558736E-9D76-4774-BC58-86CE3054FDAD}.Release|Any CPU.ActiveCfg = Release|Any CPU
		{4558736E-9D76-4774-BC58-86CE3054FDAD}.Release|Any CPU.Build.0 = Release|Any CPU
		{FCBDEBEE-1C1B-4A76-A33C-4AE6C15BF501}.Debug|Any CPU.ActiveCfg = Debug|Any CPU
		{FCBDEBEE-1C1B-4A76-A33C-4AE6C15BF501}.Debug|Any CPU.Build.0 = Debug|Any CPU
		{FCBDEBEE-1C1B-4A76-A33C-4AE6C15BF501}.Release|Any CPU.ActiveCfg = Release|Any CPU
		{FCBDEBEE-1C1B-4A76-A33C-4AE6C15BF501}.Release|Any CPU.Build.0 = Release|Any CPU
	EndGlobalSection
	GlobalSection(SolutionProperties) = preSolution
		HideSolutionNode = FALSE
	EndGlobalSection
EndGlobal
